# This file is automatically @generated by Cargo.
# It is not intended for manual editing.
version = 4

[[package]]
name = "abs_heap"
version = "0.1.0"

[[package]]
name = "baekjoon"
version = "0.1.0"

[[package]]
name = "baekjoon_1003"
version = "0.1.0"

[[package]]
name = "baekjoon_10039"
version = "0.1.0"

[[package]]
name = "baekjoon_1008"
version = "0.1.0"

[[package]]
name = "baekjoon_1010"
version = "0.1.0"

[[package]]
name = "baekjoon_1012"
version = "0.1.0"

[[package]]
name = "baekjoon_10156"
version = "0.1.0"

[[package]]
name = "baekjoon_10189"
version = "0.1.0"

[[package]]
name = "baekjoon_1063"
version = "0.1.0"

[[package]]
name = "baekjoon_10699"
version = "0.1.0"

[[package]]
name = "baekjoon_1074"
version = "0.1.0"

[[package]]
name = "baekjoon_10872"
version = "0.1.0"

[[package]]
name = "baekjoon_10882"
version = "0.1.0"

[[package]]
name = "baekjoon_10951"
version = "0.1.0"

[[package]]
name = "baekjoon_11008"
version = "0.1.0"

[[package]]
name = "baekjoon_11047"
version = "0.1.0"

[[package]]
name = "baekjoon_11053"
version = "0.1.0"

[[package]]
name = "baekjoon_11068"
version = "0.1.0"

[[package]]
name = "baekjoon_11399"
version = "0.1.0"

[[package]]
name = "baekjoon_11659"
version = "0.1.0"

[[package]]
name = "baekjoon_11723"
version = "0.1.0"

[[package]]
name = "baekjoon_11724"
version = "0.1.0"

[[package]]
name = "baekjoon_11725"
version = "0.1.0"

[[package]]
name = "baekjoon_11726"
version = "0.1.0"

[[package]]
name = "baekjoon_11727"
version = "0.1.0"

[[package]]
name = "baekjoon_11816"
version = "0.1.0"

[[package]]
name = "baekjoon_1246"
version = "0.1.0"

[[package]]
name = "baekjoon_1260"
version = "0.1.0"

[[package]]
name = "baekjoon_1330"
version = "0.1.0"

[[package]]
name = "baekjoon_13412"
version = "0.1.0"

[[package]]
name = "baekjoon_14429"
version = "0.1.0"

[[package]]
name = "baekjoon_14491"
version = "0.1.0"

[[package]]
name = "baekjoon_1463"
version = "0.1.0"

[[package]]
name = "baekjoon_14654"
version = "0.1.0"

[[package]]
name = "baekjoon_14656"
version = "0.1.0"

[[package]]
name = "baekjoon_14709"
version = "0.1.0"

[[package]]
name = "baekjoon_14928"
version = "0.1.0"

[[package]]
name = "baekjoon_14940"
version = "0.1.0"

[[package]]
name = "baekjoon_15059"
version = "0.1.0"

[[package]]
name = "baekjoon_15128"
version = "0.1.0"

[[package]]
name = "baekjoon_15489"
version = "0.1.0"

[[package]]
name = "baekjoon_15552"
version = "0.1.0"

[[package]]
name = "baekjoon_15650"
version = "0.1.0"

[[package]]
name = "baekjoon_15652"
version = "0.1.0"

[[package]]
name = "baekjoon_15654"
version = "0.1.0"

[[package]]
name = "baekjoon_15700"
version = "0.1.0"

[[package]]
name = "baekjoon_15720"
version = "0.1.0"

[[package]]
name = "baekjoon_15726"
version = "0.1.0"

[[package]]
name = "baekjoon_15740"
version = "0.1.0"

[[package]]
name = "baekjoon_15818"
version = "0.1.0"

[[package]]
name = "baekjoon_15887"
version = "0.1.0"

[[package]]
name = "baekjoon_1614"
version = "0.1.0"

[[package]]
name = "baekjoon_1620"
version = "0.1.0"

[[package]]
name = "baekjoon_16283"
version = "0.1.0"

[[package]]
name = "baekjoon_16394"
version = "0.1.0"

[[package]]
name = "baekjoon_16401"
version = "0.1.0"

[[package]]
name = "baekjoon_16486"
version = "0.1.0"

[[package]]
name = "baekjoon_16504"
version = "0.1.0"

[[package]]
name = "baekjoon_1697"
version = "0.1.0"

[[package]]
name = "baekjoon_17093"
version = "0.1.0"

[[package]]
name = "baekjoon_17219"
version = "0.1.0"

[[package]]
name = "baekjoon_17290"
version = "0.1.0"

[[package]]
name = "baekjoon_17626"
version = "0.1.0"

[[package]]
name = "baekjoon_1764"
version = "0.1.0"

[[package]]
name = "baekjoon_1789"
version = "0.1.0"

[[package]]
name = "baekjoon_18870"
version = "0.1.0"

[[package]]
name = "baekjoon_1919"
version = "0.1.0"

[[package]]
name = "baekjoon_1929"
version = "0.1.0"

[[package]]
name = "baekjoon_1931"
version = "0.1.0"

[[package]]
name = "baekjoon_19532"
version = "0.1.0"

[[package]]
name = "baekjoon_19563"
version = "0.1.0"

[[package]]
name = "baekjoon_19575"
version = "0.1.0"

[[package]]
name = "baekjoon_2012"
version = "0.1.0"

[[package]]
name = "baekjoon_20154"
version = "0.1.0"

[[package]]
name = "baekjoon_20254"
version = "0.1.0"

[[package]]
name = "baekjoon_2033"
version = "0.1.0"

[[package]]
name = "baekjoon_20413"
version = "0.1.0"

[[package]]
name = "baekjoon_21035"
version = "0.1.0"

[[package]]
name = "baekjoon_2153"
version = "0.1.0"

[[package]]
name = "baekjoon_2154"
version = "0.1.0"

[[package]]
name = "baekjoon_21598"
version = "0.1.0"

[[package]]
name = "baekjoon_2160"
version = "0.1.0"

[[package]]
name = "baekjoon_21920"
version = "0.1.0"

[[package]]
name = "baekjoon_2312"
version = "0.1.0"

[[package]]
name = "baekjoon_2346"
version = "0.1.0"

[[package]]
name = "baekjoon_23805"
version = "0.1.0"

[[package]]
name = "baekjoon_23808"
version = "0.1.0"

[[package]]
name = "baekjoon_23811"
version = "0.1.0"

[[package]]
name = "baekjoon_23885"
version = "0.1.0"

[[package]]
name = "baekjoon_23886"
version = "0.1.0"

[[package]]
name = "baekjoon_23895"
version = "0.1.0"

[[package]]
name = "baekjoon_24262"
version = "0.1.0"

[[package]]
name = "baekjoon_2435"
version = "0.1.0"

[[package]]
name = "baekjoon_24393"
version = "0.1.0"

[[package]]
name = "baekjoon_24568"
version = "0.1.0"

[[package]]
name = "baekjoon_2476"
version = "0.1.0"

[[package]]
name = "baekjoon_24883"
version = "0.1.0"

[[package]]
name = "baekjoon_25024"
version = "0.1.0"

[[package]]
name = "baekjoon_25205"
version = "0.1.0"

[[package]]
name = "baekjoon_25286"
version = "0.1.0"

[[package]]
name = "baekjoon_25288"
version = "0.1.0"

[[package]]
name = "baekjoon_25703"
version = "0.1.0"

[[package]]
name = "baekjoon_2579"
version = "0.1.0"

[[package]]
name = "baekjoon_25801"
version = "0.1.0"

[[package]]
name = "baekjoon_2606"
version = "0.1.0"

[[package]]
name = "baekjoon_26150"
version = "0.1.0"

[[package]]
name = "baekjoon_26265"
version = "0.1.0"

[[package]]
name = "baekjoon_2630"
version = "0.1.0"

[[package]]
name = "baekjoon_26517"
version = "0.1.0"

[[package]]
name = "baekjoon_26545"
version = "0.1.0"

[[package]]
name = "baekjoon_26561"
version = "0.1.0"

[[package]]
name = "baekjoon_26592"
version = "0.1.0"

[[package]]
name = "baekjoon_2670"
version = "0.1.0"

[[package]]
name = "baekjoon_2675"
version = "0.1.0"

[[package]]
name = "baekjoon_27002"
version = "0.1.0"

[[package]]
name = "baekjoon_27111"
version = "0.1.0"

[[package]]
name = "baekjoon_27433"
version = "0.1.0"

[[package]]
name = "baekjoon_2752"
version = "0.1.0"

[[package]]
name = "baekjoon_27866"
version = "0.1.0"

[[package]]
name = "baekjoon_27889"
version = "0.1.0"

[[package]]
name = "baekjoon_2805"
version = "0.1.0"

[[package]]
name = "baekjoon_28292"
version = "0.1.0"

[[package]]
name = "baekjoon_28356"
version = "0.1.0"

[[package]]
name = "baekjoon_2840"
version = "0.1.0"

[[package]]
name = "baekjoon_28432"
version = "0.1.0"

[[package]]
name = "baekjoon_28444"
version = "0.1.0"

[[package]]
name = "baekjoon_28445"
version = "0.1.0"

[[package]]
name = "baekjoon_28701"
version = "0.1.0"

[[package]]
name = "baekjoon_29766"
version = "0.1.0"

[[package]]
name = "baekjoon_30007"
version = "0.1.0"

[[package]]
name = "baekjoon_30030"
version = "0.1.0"

[[package]]
name = "baekjoon_3040"
version = "0.1.0"

[[package]]
name = "baekjoon_3046"
version = "0.1.0"

[[package]]
name = "baekjoon_30868"
version = "0.1.0"

[[package]]
name = "baekjoon_31450"
version = "0.1.0"

[[package]]
name = "baekjoon_31746"
version = "0.1.0"

[[package]]
name = "baekjoon_31867"
version = "0.1.0"

[[package]]
name = "baekjoon_32288"
version = "0.1.0"

[[package]]
name = "baekjoon_3553"
version = "0.1.0"

[[package]]
name = "baekjoon_4299"
version = "0.1.0"

[[package]]
name = "baekjoon_5077"
version = "0.1.0"

[[package]]
name = "baekjoon_5086"
version = "0.1.0"

[[package]]
name = "baekjoon_5176"
version = "0.1.0"

[[package]]
name = "baekjoon_5338"
version = "0.1.0"

[[package]]
name = "baekjoon_5426"
version = "0.1.0"

[[package]]
name = "baekjoon_5524"
version = "0.1.0"

[[package]]
name = "baekjoon_5532"
version = "0.1.0"

[[package]]
name = "baekjoon_5596"
version = "0.1.0"

[[package]]
name = "baekjoon_5656"
version = "0.1.0"

[[package]]
name = "baekjoon_5666"
version = "0.1.0"

[[package]]
name = "baekjoon_5704"
version = "0.1.0"

[[package]]
name = "baekjoon_5990"
version = "0.1.0"

[[package]]
name = "baekjoon_6159"
version = "0.1.0"

[[package]]
name = "baekjoon_6246"
version = "0.1.0"

[[package]]
name = "baekjoon_6693"
version = "0.1.0"

[[package]]
name = "baekjoon_6778"
version = "0.1.0"

[[package]]
name = "baekjoon_6887"
version = "0.1.0"

[[package]]
name = "baekjoon_7287"
version = "0.1.0"

[[package]]
name = "baekjoon_7572"
version = "0.1.0"

[[package]]
name = "baekjoon_7576"
version = "0.1.0"

[[package]]
name = "baekjoon_7585"
version = "0.1.0"

[[package]]
name = "baekjoon_7770"
version = "0.1.0"

[[package]]
name = "baekjoon_7789"
version = "0.1.0"

[[package]]
name = "baekjoon_8393"
version = "0.1.0"

[[package]]
name = "baekjoon_9076"
version = "0.1.0"

[[package]]
name = "baekjoon_9095"
version = "0.1.0"

[[package]]
name = "baekjoon_9226"
version = "0.1.0"

[[package]]
name = "baekjoon_9249"
version = "0.1.0"

[[package]]
name = "baekjoon_9366"
version = "0.1.0"

[[package]]
name = "baekjoon_9375"
version = "0.1.0"

[[package]]
name = "baekjoon_9436"
version = "0.1.0"

[[package]]
name = "baekjoon_9461"
version = "0.1.0"

[[package]]
name = "baekjoon_9550"
version = "0.1.0"

[[package]]
name = "baekjoon_9703"
version = "0.1.0"

[[package]]
name = "baekjoon_9728"
version = "0.1.0"

[[package]]
name = "dual_priority_queue"
version = "0.1.0"

[[package]]
name = "maximum_hip"
version = "0.1.0"

[[package]]
name = "middle_nomber"
version = "0.1.0"

[[package]]
name = "minimum_hip"
version = "0.1.0"

[[package]]
name = "normal_backpack"
version = "0.1.0"

[[package]]
name = "sorting_cards"
version = "0.1.0"

[[package]]
name = "thief_jewel"
version = "0.1.0"

[[package]]
name = "workbook"
version = "0.1.0"
