# This file is automatically @generated by Cargo.
# It is not intended for manual editing.
version = 3

[[package]]
name = "abs_heap"
version = "0.1.0"

[[package]]
name = "baekjoon"
version = "0.1.0"

[[package]]
name = "maximum_hip"
version = "0.1.0"

[[package]]
name = "middle_nomber"
version = "0.1.0"

[[package]]
name = "minimum_hip"
version = "0.1.0"

[[package]]
name = "normal_backpack"
version = "0.1.0"

[[package]]
name = "sorting_cards"
version = "0.1.0"
