# This file is automatically @generated by Cargo.
# It is not intended for manual editing.
version = 3

[[package]]
name = "abs_heap"
version = "0.1.0"

[[package]]
name = "baekjoon"
version = "0.1.0"

[[package]]
name = "baekjoon_1003"
version = "0.1.0"

[[package]]
name = "baekjoon_10039"
version = "0.1.0"

[[package]]
name = "baekjoon_1008"
version = "0.1.0"

[[package]]
name = "baekjoon_1010"
version = "0.1.0"

[[package]]
name = "baekjoon_1012"
version = "0.1.0"

[[package]]
name = "baekjoon_10156"
version = "0.1.0"

[[package]]
name = "baekjoon_10189"
version = "0.1.0"

[[package]]
name = "baekjoon_10699"
version = "0.1.0"

[[package]]
name = "baekjoon_1074"
version = "0.1.0"

[[package]]
name = "baekjoon_10872"
version = "0.1.0"

[[package]]
name = "baekjoon_11399"
version = "0.1.0"

[[package]]
name = "baekjoon_11659"
version = "0.1.0"

[[package]]
name = "baekjoon_11723"
version = "0.1.0"

[[package]]
name = "baekjoon_11724"
version = "0.1.0"

[[package]]
name = "baekjoon_11726"
version = "0.1.0"

[[package]]
name = "baekjoon_1330"
version = "0.1.0"

[[package]]
name = "baekjoon_1463"
version = "0.1.0"

[[package]]
name = "baekjoon_15128"
version = "0.1.0"

[[package]]
name = "baekjoon_15552"
version = "0.1.0"

[[package]]
name = "baekjoon_15700"
version = "0.1.0"

[[package]]
name = "baekjoon_1764"
version = "0.1.0"

[[package]]
name = "baekjoon_18870"
version = "0.1.0"

[[package]]
name = "baekjoon_24262"
version = "0.1.0"

[[package]]
name = "baekjoon_2606"
version = "0.1.0"

[[package]]
name = "baekjoon_2630"
version = "0.1.0"

[[package]]
name = "baekjoon_27433"
version = "0.1.0"

[[package]]
name = "baekjoon_2805"
version = "0.1.0"

[[package]]
name = "baekjoon_28432"
version = "0.1.0"

[[package]]
name = "baekjoon_28701"
version = "0.1.0"

[[package]]
name = "baekjoon_30007"
version = "0.1.0"

[[package]]
name = "baekjoon_30030"
version = "0.1.0"

[[package]]
name = "baekjoon_3040"
version = "0.1.0"

[[package]]
name = "baekjoon_3046"
version = "0.1.0"

[[package]]
name = "baekjoon_5656"
version = "0.1.0"

[[package]]
name = "baekjoon_6778"
version = "0.1.0"

[[package]]
name = "baekjoon_7287"
version = "0.1.0"

[[package]]
name = "baekjoon_9095"
version = "0.1.0"

[[package]]
name = "baekjoon_9366"
version = "0.1.0"

[[package]]
name = "dual_priority_queue"
version = "0.1.0"

[[package]]
name = "maximum_hip"
version = "0.1.0"

[[package]]
name = "middle_nomber"
version = "0.1.0"

[[package]]
name = "minimum_hip"
version = "0.1.0"

[[package]]
name = "normal_backpack"
version = "0.1.0"

[[package]]
name = "sorting_cards"
version = "0.1.0"

[[package]]
name = "thief_jewel"
version = "0.1.0"

[[package]]
name = "workbook"
version = "0.1.0"
